
Microsoft Visual Studio Solution File, Format Version 12.00
# Visual Studio Version 17
VisualStudioVersion = 17.4.33213.308
MinimumVisualStudioVersion = 10.0.40219.1
Project("{FAE04EC0-301F-11D3-BF4B-00C04F79EFBC}") = "ClassLibrary4", "ClassLibrary4\ClassLibrary4.csproj", "{CF064FD1-65D8-4B2C-A62D-FE949D3B7FC1}"
EndProject
Project("{FAE04EC0-301F-11D3-BF4B-00C04F79EFBC}") = "ClassLibrary4Tests", "ClassLibrary4Tests\ClassLibrary4Tests.csproj", "{7B387B68-5182-4D33-98D5-285B0CC65D6D}"
EndProject
Global
	GlobalSection(SolutionConfigurationPlatforms) = preSolution
		Debug|Any CPU = Debug|Any CPU
		Release|Any CPU = Release|Any CPU
	EndGlobalSection
	GlobalSection(ProjectConfigurationPlatforms) = postSolution
		{CF064FD1-65D8-4B2C-A62D-FE949D3B7FC1}.Debug|Any CPU.ActiveCfg = Debug|Any CPU
		{CF064FD1-65D8-4B2C-A62D-FE949D3B7FC1}.Debug|Any CPU.Build.0 = Debug|Any CPU
		{CF064FD1-65D8-4B2C-A62D-FE949D3B7FC1}.Release|Any CPU.ActiveCfg = Release|Any CPU
		{CF064FD1-65D8-4B2C-A62D-FE949D3B7FC1}.Release|Any CPU.Build.0 = Release|Any CPU
		{7B387B68-5182-4D33-98D5-285B0CC65D6D}.Debug|Any CPU.ActiveCfg = Debug|Any CPU
		{7B387B68-5182-4D33-98D5-285B0CC65D6D}.Debug|Any CPU.Build.0 = Debug|Any CPU
		{7B387B68-5182-4D33-98D5-285B0CC65D6D}.Release|Any CPU.ActiveCfg = Release|Any CPU
		{7B387B68-5182-4D33-98D5-285B0CC65D6D}.Release|Any CPU.Build.0 = Release|Any CPU
	EndGlobalSection
	GlobalSection(SolutionProperties) = preSolution
		HideSolutionNode = FALSE
	EndGlobalSection
	GlobalSection(ExtensibilityGlobals) = postSolution
		SolutionGuid = {1A7D0CC3-CDAA-4B12-9E15-1C3C0C00A16B}
	EndGlobalSection
EndGlobal
